{
  "version": 4,
  "terraform_version": "1.11.3",
  "serial": 65,
  "lineage": "5870a84e-aa9b-f954-22f7-d2a5fbf8b120",
  "outputs": {},
  "resources": [
    {
      "mode": "managed",
      "type": "nxos_dme",
      "name": "l3Inst-vpc",
      "provider": "provider[\"registry.terraform.io/ciscodevnet/nxos\"]",
      "instances": [
        {
          "index_key": "twe-agg01",
          "schema_version": 0,
          "attributes": {
            "children": null,
            "class_name": "l3Inst",
            "content": {
              "descr": "VRF for vpc",
              "name": "vpc"
            },
            "delete": true,
            "device": "twe-agg01",
            "dn": "sys/inst-[vpc]",
            "id": "sys/inst-[vpc]"
          },
          "sensitive_attributes": [],
          "private": "eyJpbXBvcnRpbmciOiJNQT09In0="
        },
        {
          "index_key": "twe-agg02",
          "schema_version": 0,
          "attributes": {
            "children": null,
            "class_name": "l3Inst",
            "content": {
              "descr": "VRF for vpc",
              "name": "vpc"
            },
            "delete": true,
            "device": "twe-agg02",
            "dn": "sys/inst-[vpc]",
            "id": "sys/inst-[vpc]"
          },
          "sensitive_attributes": [],
          "private": "eyJpbXBvcnRpbmciOiJNQT09In0="
        }
      ]
    },
    {
      "mode": "managed",
      "type": "nxos_dme",
      "name": "l3Inst-xx01",
      "provider": "provider[\"registry.terraform.io/ciscodevnet/nxos\"]",
      "instances": [
        {
          "index_key": "twe-agg01",
          "schema_version": 0,
          "attributes": {
            "children": null,
            "class_name": "l3Inst",
            "content": {
              "descr": "VRF for xx01-xx-core",
              "name": "xx01-xx-core"
            },
            "delete": true,
            "device": "twe-agg01",
            "dn": "sys/inst-[xx01-xx-core]",
            "id": "sys/inst-[xx01-xx-core]"
          },
          "sensitive_attributes": [],
          "private": "eyJpbXBvcnRpbmciOiJNQT09In0="
        },
        {
          "index_key": "twe-agg02",
          "schema_version": 0,
          "attributes": {
            "children": null,
            "class_name": "l3Inst",
            "content": {
              "descr": "VRF for xx01-xx-core",
              "name": "xx01-xx-core"
            },
            "delete": true,
            "device": "twe-agg02",
            "dn": "sys/inst-[xx01-xx-core]",
            "id": "sys/inst-[xx01-xx-core]"
          },
          "sensitive_attributes": [],
          "private": "eyJpbXBvcnRpbmciOiJNQT09In0="
        }
      ]
    },
    {
      "mode": "managed",
      "type": "nxos_dme",
      "name": "l3Inst-xx02",
      "provider": "provider[\"registry.terraform.io/ciscodevnet/nxos\"]",
      "instances": [
        {
          "index_key": "twe-agg01",
          "schema_version": 0,
          "attributes": {
            "children": null,
            "class_name": "l3Inst",
            "content": {
              "descr": "VRF for xx02-xx-core",
              "name": "xx02-xx-core"
            },
            "delete": true,
            "device": "twe-agg01",
            "dn": "sys/inst-[xx02-xx-core]",
            "id": "sys/inst-[xx02-xx-core]"
          },
          "sensitive_attributes": [],
          "private": "eyJpbXBvcnRpbmciOiJNQT09In0="
        },
        {
          "index_key": "twe-agg02",
          "schema_version": 0,
          "attributes": {
            "children": null,
            "class_name": "l3Inst",
            "content": {
              "descr": "VRF for xx02-xx-core",
              "name": "xx02-xx-core"
            },
            "delete": true,
            "device": "twe-agg02",
            "dn": "sys/inst-[xx02-xx-core]",
            "id": "sys/inst-[xx02-xx-core]"
          },
          "sensitive_attributes": [],
          "private": "eyJpbXBvcnRpbmciOiJNQT09In0="
        }
      ]
    },
    {
      "mode": "managed",
      "type": "nxos_dme",
      "name": "l3Inst-xx03",
      "provider": "provider[\"registry.terraform.io/ciscodevnet/nxos\"]",
      "instances": [
        {
          "index_key": "twe-agg01",
          "schema_version": 0,
          "attributes": {
            "children": null,
            "class_name": "l3Inst",
            "content": {
              "descr": "VRF for xx03-xx-core",
              "name": "xx03-xx-core"
            },
            "delete": true,
            "device": "twe-agg01",
            "dn": "sys/inst-[xx03-xx-core]",
            "id": "sys/inst-[xx03-xx-core]"
          },
          "sensitive_attributes": [],
          "private": "eyJpbXBvcnRpbmciOiJNQT09In0="
        },
        {
          "index_key": "twe-agg02",
          "schema_version": 0,
          "attributes": {
            "children": null,
            "class_name": "l3Inst",
            "content": {
              "descr": "VRF for xx03-xx-core",
              "name": "xx03-xx-core"
            },
            "delete": true,
            "device": "twe-agg02",
            "dn": "sys/inst-[xx03-xx-core]",
            "id": "sys/inst-[xx03-xx-core]"
          },
          "sensitive_attributes": [],
          "private": "eyJpbXBvcnRpbmciOiJNQT09In0="
        }
      ]
    },
    {
      "mode": "managed",
      "type": "nxos_dme",
      "name": "l3Inst-xx06",
      "provider": "provider[\"registry.terraform.io/ciscodevnet/nxos\"]",
      "instances": [
        {
          "index_key": "twe-agg01",
          "schema_version": 0,
          "attributes": {
            "children": null,
            "class_name": "l3Inst",
            "content": {
              "descr": "VRF for xx06-xx-core",
              "name": "xx06-xx-core"
            },
            "delete": true,
            "device": "twe-agg01",
            "dn": "sys/inst-[xx06-xx-core]",
            "id": "sys/inst-[xx06-xx-core]"
          },
          "sensitive_attributes": [],
          "private": "eyJpbXBvcnRpbmciOiJNQT09In0="
        },
        {
          "index_key": "twe-agg02",
          "schema_version": 0,
          "attributes": {
            "children": null,
            "class_name": "l3Inst",
            "content": {
              "descr": "VRF for xx06-xx-core",
              "name": "xx06-xx-core"
            },
            "delete": true,
            "device": "twe-agg02",
            "dn": "sys/inst-[xx06-xx-core]",
            "id": "sys/inst-[xx06-xx-core]"
          },
          "sensitive_attributes": [],
          "private": "eyJpbXBvcnRpbmciOiJNQT09In0="
        }
      ]
    },
    {
      "mode": "managed",
      "type": "nxos_save_config",
      "name": "save-config",
      "provider": "provider[\"registry.terraform.io/ciscodevnet/nxos\"]",
      "instances": [
        {
          "index_key": "twe-agg01",
          "schema_version": 0,
          "attributes": {
            "device": "twe-agg01",
            "save": true
          },
          "sensitive_attributes": []
        },
        {
          "index_key": "twe-agg02",
          "schema_version": 0,
          "attributes": {
            "device": "twe-agg02",
            "save": true
          },
          "sensitive_attributes": []
        }
      ]
    },
    {
      "mode": "managed",
      "type": "nxos_system",
      "name": "hostname",
      "provider": "provider[\"registry.terraform.io/ciscodevnet/nxos\"]",
      "instances": [
        {
          "index_key": "twe-agg01",
          "schema_version": 0,
          "attributes": {
            "arp_admin_state": null,
            "arp_allow_static_arp_outside_subnet": null,
            "arp_cache_limit": null,
            "arp_cache_syslog_rate": null,
            "arp_control": null,
            "arp_evpn_timeout": null,
            "arp_instance_admin_state": null,
            "arp_interface_cache_limit": null,
            "arp_ip_adjacency_route_distance": null,
            "arp_ip_arp_cos": null,
            "arp_off_list_timeout": null,
            "arp_rarp_fabric_forwarding": null,
            "arp_rarp_fabric_forwarding_rate": null,
            "arp_resolve_outside_subnet": null,
            "arp_suppression_timeout": null,
            "arp_timeout": null,
            "arp_unnumbered_svi_software_replication": null,
            "arp_vpc_domains": null,
            "device": "twe-agg01",
            "ethernet_admin_link_down_syslog_level": null,
            "ethernet_admin_link_up_syslog_level": null,
            "ethernet_admin_state": null,
            "ethernet_allow_unsupported_sfp": null,
            "ethernet_chassis_infrastructure_adaptor_vlan": null,
            "ethernet_chassis_infrastructure_epds_port_number": null,
            "ethernet_chassis_infrastructure_ipv6_address": null,
            "ethernet_chassis_infrastructure_vlan": null,
            "ethernet_chassis_management_instance": null,
            "ethernet_chassis_management_instance_fabric_number": null,
            "ethernet_control": null,
            "ethernet_default_admin_state": null,
            "ethernet_default_layer": null,
            "ethernet_interface_syslog_info": null,
            "ethernet_log_event": null,
            "ethernet_mtu": null,
            "ethernet_system_interface_admin_state": null,
            "ethernet_system_link_failure_laser_on": null,
            "ethernet_system_storm_control_multi_threshold": null,
            "ethernet_vlan_tag_native": null,
            "id": "sys",
            "name": "XX-SPR-2B-TWE-AGG01",
            "nd_accept_solicit_neighbor_entry": null,
            "nd_admin_state": null,
            "nd_aging_interval": null,
            "nd_cache_limit": null,
            "nd_cache_syslog_rate": null,
            "nd_control": null,
            "nd_instance_admin_state": null,
            "nd_ipv6_adjacency_route_distance": null,
            "nd_off_list_timeout": null,
            "nd_probe_interval_for_solicit_neighbor": null,
            "nd_solicit_neighbor_advertisement": null,
            "nd_vrfs": null
          },
          "sensitive_attributes": [],
          "private": "eyJpbXBvcnRpbmciOiJNQT09In0="
        },
        {
          "index_key": "twe-agg02",
          "schema_version": 0,
          "attributes": {
            "arp_admin_state": null,
            "arp_allow_static_arp_outside_subnet": null,
            "arp_cache_limit": null,
            "arp_cache_syslog_rate": null,
            "arp_control": null,
            "arp_evpn_timeout": null,
            "arp_instance_admin_state": null,
            "arp_interface_cache_limit": null,
            "arp_ip_adjacency_route_distance": null,
            "arp_ip_arp_cos": null,
            "arp_off_list_timeout": null,
            "arp_rarp_fabric_forwarding": null,
            "arp_rarp_fabric_forwarding_rate": null,
            "arp_resolve_outside_subnet": null,
            "arp_suppression_timeout": null,
            "arp_timeout": null,
            "arp_unnumbered_svi_software_replication": null,
            "arp_vpc_domains": null,
            "device": "twe-agg02",
            "ethernet_admin_link_down_syslog_level": null,
            "ethernet_admin_link_up_syslog_level": null,
            "ethernet_admin_state": null,
            "ethernet_allow_unsupported_sfp": null,
            "ethernet_chassis_infrastructure_adaptor_vlan": null,
            "ethernet_chassis_infrastructure_epds_port_number": null,
            "ethernet_chassis_infrastructure_ipv6_address": null,
            "ethernet_chassis_infrastructure_vlan": null,
            "ethernet_chassis_management_instance": null,
            "ethernet_chassis_management_instance_fabric_number": null,
            "ethernet_control": null,
            "ethernet_default_admin_state": null,
            "ethernet_default_layer": null,
            "ethernet_interface_syslog_info": null,
            "ethernet_log_event": null,
            "ethernet_mtu": null,
            "ethernet_system_interface_admin_state": null,
            "ethernet_system_link_failure_laser_on": null,
            "ethernet_system_storm_control_multi_threshold": null,
            "ethernet_vlan_tag_native": null,
            "id": "sys",
            "name": "XX-SPR-2B-TWE-AGG02",
            "nd_accept_solicit_neighbor_entry": null,
            "nd_admin_state": null,
            "nd_aging_interval": null,
            "nd_cache_limit": null,
            "nd_cache_syslog_rate": null,
            "nd_control": null,
            "nd_instance_admin_state": null,
            "nd_ipv6_adjacency_route_distance": null,
            "nd_off_list_timeout": null,
            "nd_probe_interval_for_solicit_neighbor": null,
            "nd_solicit_neighbor_advertisement": null,
            "nd_vrfs": null
          },
          "sensitive_attributes": [],
          "private": "eyJpbXBvcnRpbmciOiJNQT09In0="
        }
      ]
    },
    {
      "module": "module.config-BGP",
      "mode": "managed",
      "type": "nxos_bgp",
      "name": "bgp-agg01",
      "provider": "module.config-BGP.provider[\"registry.terraform.io/ciscodevnet/nxos\"].twe-agg01",
      "instances": [
        {
          "schema_version": 0,
          "attributes": {
            "admin_state": "enabled",
            "asn": "65292",
            "control": null,
            "device": null,
            "disable_policy_batching": null,
            "disable_policy_batching_ipv4_prefix_list": null,
            "disable_policy_batching_ipv6_prefix_list": null,
            "disable_policy_batching_nexthop": null,
            "enhanced_error_handling": null,
            "fabric_soo": null,
            "flush_routes": null,
            "id": "sys/bgp",
            "instance_admin_state": "enabled",
            "isolate": null,
            "isolate_route_map": null,
            "med_dampening_interval": null,
            "nexthop_suppress_default_resolution": null,
            "rd_dual": null,
            "rd_dual_id": null,
            "vrfs": {
              "default": {
                "address_families": null,
                "alloc_index": null,
                "bandwidth_reference": null,
                "bandwidth_reference_unit": null,
                "bestpath_first_always": null,
                "bestpath_interval": null,
                "cluster_id": null,
                "graceful_restart_control": null,
                "graceful_restart_interval": null,
                "graceful_restart_stale_interval": null,
                "hold_time": null,
                "keepalive_interval": null,
                "local_asn": null,
                "max_as_limit": null,
                "mode": null,
                "peer_templates": {
                  "ibgp-baseline": {
                    "admin_state": null,
                    "affinity_group": null,
                    "asn_type": null,
                    "bfd_type": null,
                    "bmp_server_1": null,
                    "bmp_server_2": null,
                    "capability_suppress_4_byte_asn": null,
                    "connection_mode": null,
                    "description": "IBGP BASAELINE TEMPLATE",
                    "ebgp_multihop_ttl": null,
                    "hold_time": 30,
                    "keepalive_interval": 10,
                    "log_neighbor_changes": null,
                    "low_memory_exempt": null,
                    "max_peer_count": null,
                    "password": null,
                    "password_type": null,
                    "password_wo": null,
                    "password_wo_version": null,
                    "peer_control": null,
                    "peer_template_address_families": {
                      "ipv4-ucast": {
                        "advertise_gateway_ip": null,
                        "advertise_local_labeled_route": null,
                        "advertisement_interval": null,
                        "aigp": null,
                        "allowed_self_as_count": null,
                        "as_override": null,
                        "control": "nh-self,rr-client",
                        "default_originate": null,
                        "default_originate_route_map": null,
                        "dmz_link_bandwidth": null,
                        "encapsulation_mpls": null,
                        "link_bandwidth_cumulative": null,
                        "max_prefix_action": null,
                        "max_prefix_number": null,
                        "max_prefix_restart_time": null,
                        "max_prefix_threshold": null,
                        "nexthop_thirdparty": null,
                        "rewrite_rt_asn": null,
                        "send_community_extended": "enabled",
                        "send_community_standard": "enabled",
                        "site_of_origin": null,
                        "soft_reconfiguration_backup": "inbound",
                        "unsuppress_map": null,
                        "weight": null
                      }
                    },
                    "peer_type": null,
                    "private_as_control": null,
                    "remote_asn": "65292",
                    "session_template": null,
                    "source_interface": null,
                    "ttl_security_hops": null
                  }
                },
                "peers": null,
                "prefix_peer_timeout": null,
                "prefix_peer_wait_time": null,
                "reconnect_interval": null,
                "route_control_enforce_first_as": null,
                "route_control_fib_accelerate": null,
                "route_control_log_neighbor_changes": null,
                "route_control_suppress_routes": null,
                "router_id": null,
                "router_id_auto": null
              },
              "xx01-xx-core": {
                "address_families": {
                  "ipv4-ucast": {
                    "advertise_l2vpn_evpn": null,
                    "advertise_only_active_routes": null,
                    "advertise_physical_ip_for_type5_routes": null,
                    "advertise_system_mac": null,
                    "advertised_prefixes": {
                      "10.66.127.3/32": {
                        "evpn": null,
                        "route_map": null
                      }
                    },
                    "allocate_label_all": null,
                    "allocate_label_option_b": null,
                    "allocate_label_route_map": null,
                    "bestpath_origin_as_allow_invalid": null,
                    "bestpath_origin_as_use_validity": null,
                    "client_to_client_reflection": null,
                    "critical_nexthop_timeout": null,
                    "default_information_originate": null,
                    "default_metric": null,
                    "export_gateway_ip": null,
                    "igp_metric": null,
                    "label_allocation_mode": null,
                    "max_ecmp_paths": null,
                    "max_external_ecmp_paths": null,
                    "max_external_internal_ecmp_paths": null,
                    "max_local_ecmp_paths": null,
                    "max_mixed_ecmp_paths": null,
                    "max_path_unequal_cost": null,
                    "next_hop_route_map_name": null,
                    "nexthop_load_balance_egress_multisite": null,
                    "non_critical_nexthop_timeout": null,
                    "origin_as_validate": null,
                    "origin_as_validate_signal_ibgp": null,
                    "originate_map": null,
                    "prefix_priority": null,
                    "redistributions": null,
                    "retain_rt_all": null,
                    "retain_rt_route_map": null,
                    "table_map_filter": null,
                    "table_map_route_map_name": null,
                    "timer_bestpath_defer": null,
                    "timer_bestpath_defer_max": null,
                    "vni_ethernet_tag": null,
                    "wait_igp_converged": null
                  }
                },
                "alloc_index": null,
                "bandwidth_reference": null,
                "bandwidth_reference_unit": null,
                "bestpath_first_always": null,
                "bestpath_interval": null,
                "cluster_id": null,
                "graceful_restart_control": null,
                "graceful_restart_interval": null,
                "graceful_restart_stale_interval": null,
                "hold_time": null,
                "keepalive_interval": null,
                "local_asn": null,
                "max_as_limit": null,
                "mode": null,
                "peer_templates": null,
                "peers": {
                  "10.66.127.4": {
                    "admin_state": "enabled",
                    "affinity_group": null,
                    "asn_type": null,
                    "bfd_type": null,
                    "bmp_server_1": null,
                    "bmp_server_2": null,
                    "capability_suppress_4_byte_asn": null,
                    "connection_mode": null,
                    "description": "TF-BGP-TO-AGG02",
                    "ebgp_multihop_ttl": null,
                    "hold_time": null,
                    "keepalive_interval": null,
                    "local_asn": null,
                    "local_asn_propagation": null,
                    "log_neighbor_changes": null,
                    "low_memory_exempt": null,
                    "max_peer_count": null,
                    "password": null,
                    "password_type": null,
                    "password_wo": null,
                    "password_wo_version": null,
                    "peer_address_families": null,
                    "peer_control": null,
                    "peer_template": "ibgp-baseline",
                    "peer_type": null,
                    "private_as_control": null,
                    "remote_asn": null,
                    "session_template": null,
                    "source_interface": "lo101",
                    "ttl_security_hops": null
                  }
                },
                "prefix_peer_timeout": null,
                "prefix_peer_wait_time": null,
                "reconnect_interval": null,
                "route_control_enforce_first_as": null,
                "route_control_fib_accelerate": null,
                "route_control_log_neighbor_changes": null,
                "route_control_suppress_routes": null,
                "router_id": "10.66.127.3",
                "router_id_auto": null
              }
            }
          },
          "sensitive_attributes": [
            [
              {
                "type": "get_attr",
                "value": "vrfs"
              },
              {
                "type": "index",
                "value": {
                  "value": "default",
                  "type": "string"
                }
              },
              {
                "type": "get_attr",
                "value": "peer_templates"
              },
              {
                "type": "index",
                "value": {
                  "value": "ibgp-baseline",
                  "type": "string"
                }
              },
              {
                "type": "get_attr",
                "value": "password"
              }
            ],
            [
              {
                "type": "get_attr",
                "value": "vrfs"
              },
              {
                "type": "index",
                "value": {
                  "value": "xx01-xx-core",
                  "type": "string"
                }
              },
              {
                "type": "get_attr",
                "value": "peers"
              },
              {
                "type": "index",
                "value": {
                  "value": "10.66.127.4",
                  "type": "string"
                }
              },
              {
                "type": "get_attr",
                "value": "password"
              }
            ]
          ],
          "private": "eyJpbXBvcnRpbmciOiJNQT09In0="
        }
      ]
    },
    {
      "module": "module.config-BGP",
      "mode": "managed",
      "type": "nxos_bgp",
      "name": "bgp-agg02",
      "provider": "module.config-BGP.provider[\"registry.terraform.io/ciscodevnet/nxos\"].twe-agg02",
      "instances": [
        {
          "schema_version": 0,
          "attributes": {
            "admin_state": "enabled",
            "asn": "65292",
            "control": null,
            "device": null,
            "disable_policy_batching": null,
            "disable_policy_batching_ipv4_prefix_list": null,
            "disable_policy_batching_ipv6_prefix_list": null,
            "disable_policy_batching_nexthop": null,
            "enhanced_error_handling": null,
            "fabric_soo": null,
            "flush_routes": null,
            "id": "sys/bgp",
            "instance_admin_state": "enabled",
            "isolate": null,
            "isolate_route_map": null,
            "med_dampening_interval": null,
            "nexthop_suppress_default_resolution": null,
            "rd_dual": null,
            "rd_dual_id": null,
            "vrfs": {
              "default": {
                "address_families": null,
                "alloc_index": null,
                "bandwidth_reference": null,
                "bandwidth_reference_unit": null,
                "bestpath_first_always": null,
                "bestpath_interval": null,
                "cluster_id": null,
                "graceful_restart_control": null,
                "graceful_restart_interval": null,
                "graceful_restart_stale_interval": null,
                "hold_time": null,
                "keepalive_interval": null,
                "local_asn": null,
                "max_as_limit": null,
                "mode": null,
                "peer_templates": {
                  "ibgp-baseline": {
                    "admin_state": null,
                    "affinity_group": null,
                    "asn_type": null,
                    "bfd_type": null,
                    "bmp_server_1": null,
                    "bmp_server_2": null,
                    "capability_suppress_4_byte_asn": null,
                    "connection_mode": null,
                    "description": "IBGP BASAELINE TEMPLATE",
                    "ebgp_multihop_ttl": null,
                    "hold_time": 30,
                    "keepalive_interval": 10,
                    "log_neighbor_changes": null,
                    "low_memory_exempt": null,
                    "max_peer_count": null,
                    "password": null,
                    "password_type": null,
                    "password_wo": null,
                    "password_wo_version": null,
                    "peer_control": null,
                    "peer_template_address_families": {
                      "ipv4-ucast": {
                        "advertise_gateway_ip": null,
                        "advertise_local_labeled_route": null,
                        "advertisement_interval": null,
                        "aigp": null,
                        "allowed_self_as_count": null,
                        "as_override": null,
                        "control": "nh-self,rr-client",
                        "default_originate": null,
                        "default_originate_route_map": null,
                        "dmz_link_bandwidth": null,
                        "encapsulation_mpls": null,
                        "link_bandwidth_cumulative": null,
                        "max_prefix_action": null,
                        "max_prefix_number": null,
                        "max_prefix_restart_time": null,
                        "max_prefix_threshold": null,
                        "nexthop_thirdparty": null,
                        "rewrite_rt_asn": null,
                        "send_community_extended": "enabled",
                        "send_community_standard": "enabled",
                        "site_of_origin": null,
                        "soft_reconfiguration_backup": "inbound",
                        "unsuppress_map": null,
                        "weight": null
                      }
                    },
                    "peer_type": null,
                    "private_as_control": null,
                    "remote_asn": "65292",
                    "session_template": null,
                    "source_interface": null,
                    "ttl_security_hops": null
                  }
                },
                "peers": null,
                "prefix_peer_timeout": null,
                "prefix_peer_wait_time": null,
                "reconnect_interval": null,
                "route_control_enforce_first_as": null,
                "route_control_fib_accelerate": null,
                "route_control_log_neighbor_changes": null,
                "route_control_suppress_routes": null,
                "router_id": null,
                "router_id_auto": null
              },
              "xx01-xx-core": {
                "address_families": {
                  "ipv4-ucast": {
                    "advertise_l2vpn_evpn": null,
                    "advertise_only_active_routes": null,
                    "advertise_physical_ip_for_type5_routes": null,
                    "advertise_system_mac": null,
                    "advertised_prefixes": {
                      "10.66.127.4/32": {
                        "evpn": null,
                        "route_map": null
                      }
                    },
                    "allocate_label_all": null,
                    "allocate_label_option_b": null,
                    "allocate_label_route_map": null,
                    "bestpath_origin_as_allow_invalid": null,
                    "bestpath_origin_as_use_validity": null,
                    "client_to_client_reflection": null,
                    "critical_nexthop_timeout": null,
                    "default_information_originate": null,
                    "default_metric": null,
                    "export_gateway_ip": null,
                    "igp_metric": null,
                    "label_allocation_mode": null,
                    "max_ecmp_paths": null,
                    "max_external_ecmp_paths": null,
                    "max_external_internal_ecmp_paths": null,
                    "max_local_ecmp_paths": null,
                    "max_mixed_ecmp_paths": null,
                    "max_path_unequal_cost": null,
                    "next_hop_route_map_name": null,
                    "nexthop_load_balance_egress_multisite": null,
                    "non_critical_nexthop_timeout": null,
                    "origin_as_validate": null,
                    "origin_as_validate_signal_ibgp": null,
                    "originate_map": null,
                    "prefix_priority": null,
                    "redistributions": null,
                    "retain_rt_all": null,
                    "retain_rt_route_map": null,
                    "table_map_filter": null,
                    "table_map_route_map_name": null,
                    "timer_bestpath_defer": null,
                    "timer_bestpath_defer_max": null,
                    "vni_ethernet_tag": null,
                    "wait_igp_converged": null
                  }
                },
                "alloc_index": null,
                "bandwidth_reference": null,
                "bandwidth_reference_unit": null,
                "bestpath_first_always": null,
                "bestpath_interval": null,
                "cluster_id": null,
                "graceful_restart_control": null,
                "graceful_restart_interval": null,
                "graceful_restart_stale_interval": null,
                "hold_time": null,
                "keepalive_interval": null,
                "local_asn": null,
                "max_as_limit": null,
                "mode": null,
                "peer_templates": null,
                "peers": {
                  "10.66.127.3": {
                    "admin_state": "enabled",
                    "affinity_group": null,
                    "asn_type": null,
                    "bfd_type": null,
                    "bmp_server_1": null,
                    "bmp_server_2": null,
                    "capability_suppress_4_byte_asn": null,
                    "connection_mode": null,
                    "description": "TF-BGP-TO-AGG02",
                    "ebgp_multihop_ttl": null,
                    "hold_time": null,
                    "keepalive_interval": null,
                    "local_asn": null,
                    "local_asn_propagation": null,
                    "log_neighbor_changes": null,
                    "low_memory_exempt": null,
                    "max_peer_count": null,
                    "password": null,
                    "password_type": null,
                    "password_wo": null,
                    "password_wo_version": null,
                    "peer_address_families": null,
                    "peer_control": null,
                    "peer_template": "ibgp-baseline",
                    "peer_type": null,
                    "private_as_control": null,
                    "remote_asn": null,
                    "session_template": null,
                    "source_interface": "lo101",
                    "ttl_security_hops": null
                  }
                },
                "prefix_peer_timeout": null,
                "prefix_peer_wait_time": null,
                "reconnect_interval": null,
                "route_control_enforce_first_as": null,
                "route_control_fib_accelerate": null,
                "route_control_log_neighbor_changes": null,
                "route_control_suppress_routes": null,
                "router_id": "10.66.127.4",
                "router_id_auto": null
              }
            }
          },
          "sensitive_attributes": [
            [
              {
                "type": "get_attr",
                "value": "vrfs"
              },
              {
                "type": "index",
                "value": {
                  "value": "default",
                  "type": "string"
                }
              },
              {
                "type": "get_attr",
                "value": "peer_templates"
              },
              {
                "type": "index",
                "value": {
                  "value": "ibgp-baseline",
                  "type": "string"
                }
              },
              {
                "type": "get_attr",
                "value": "password"
              }
            ],
            [
              {
                "type": "get_attr",
                "value": "vrfs"
              },
              {
                "type": "index",
                "value": {
                  "value": "xx01-xx-core",
                  "type": "string"
                }
              },
              {
                "type": "get_attr",
                "value": "peers"
              },
              {
                "type": "index",
                "value": {
                  "value": "10.66.127.3",
                  "type": "string"
                }
              },
              {
                "type": "get_attr",
                "value": "password"
              }
            ]
          ],
          "private": "eyJpbXBvcnRpbmciOiJNQT09In0="
        }
      ]
    },
    {
      "module": "module.config-Switching",
      "mode": "managed",
      "type": "nxos_bridge_domain",
      "name": "dynamic_vlans",
      "provider": "module.config-Switching.provider[\"registry.terraform.io/ciscodevnet/nxos\"]",
      "instances": [
        {
          "index_key": "twe-agg01.1100",
          "schema_version": 0,
          "attributes": {
            "bridge_domains": {
              "vlan-1100": {
                "access_encap": null,
                "admin_state": null,
                "bridge_domain_state": null,
                "bridge_mode": null,
                "control": null,
                "cross_connect": null,
                "forwarding_control": null,
                "forwarding_mode": null,
                "long_name": null,
                "mac_packet_classify": null,
                "mode": null,
                "name": "vlan-1100",
                "vrf_name": null
              }
            },
            "device": "twe-agg01",
            "id": "sys/bd",
            "svi_autostate": null
          },
          "sensitive_attributes": [],
          "private": "eyJpbXBvcnRpbmciOiJNQT09In0="
        },
        {
          "index_key": "twe-agg01.1101",
          "schema_version": 0,
          "attributes": {
            "bridge_domains": {
              "vlan-1101": {
                "access_encap": null,
                "admin_state": null,
                "bridge_domain_state": null,
                "bridge_mode": null,
                "control": null,
                "cross_connect": null,
                "forwarding_control": null,
                "forwarding_mode": null,
                "long_name": null,
                "mac_packet_classify": null,
                "mode": null,
                "name": "vlan-1101",
                "vrf_name": null
              }
            },
            "device": "twe-agg01",
            "id": "sys/bd",
            "svi_autostate": null
          },
          "sensitive_attributes": [],
          "private": "eyJpbXBvcnRpbmciOiJNQT09In0="
        },
        {
          "index_key": "twe-agg01.3010",
          "schema_version": 0,
          "attributes": {
            "bridge_domains": {
              "vlan-3010": {
                "access_encap": null,
                "admin_state": null,
                "bridge_domain_state": null,
                "bridge_mode": null,
                "control": null,
                "cross_connect": null,
                "forwarding_control": null,
                "forwarding_mode": null,
                "long_name": null,
                "mac_packet_classify": null,
                "mode": null,
                "name": "vlan-3010",
                "vrf_name": null
              }
            },
            "device": "twe-agg01",
            "id": "sys/bd",
            "svi_autostate": null
          },
          "sensitive_attributes": [],
          "private": "eyJpbXBvcnRpbmciOiJNQT09In0="
        },
        {
          "index_key": "twe-agg01.3020",
          "schema_version": 0,
          "attributes": {
            "bridge_domains": {
              "vlan-3020": {
                "access_encap": null,
                "admin_state": null,
                "bridge_domain_state": null,
                "bridge_mode": null,
                "control": null,
                "cross_connect": null,
                "forwarding_control": null,
                "forwarding_mode": null,
                "long_name": null,
                "mac_packet_classify": null,
                "mode": null,
                "name": "vlan-3020",
                "vrf_name": null
              }
            },
            "device": "twe-agg01",
            "id": "sys/bd",
            "svi_autostate": null
          },
          "sensitive_attributes": [],
          "private": "eyJpbXBvcnRpbmciOiJNQT09In0="
        },
        {
          "index_key": "twe-agg01.3030",
          "schema_version": 0,
          "attributes": {
            "bridge_domains": {
              "vlan-3030": {
                "access_encap": null,
                "admin_state": null,
                "bridge_domain_state": null,
                "bridge_mode": null,
                "control": null,
                "cross_connect": null,
                "forwarding_control": null,
                "forwarding_mode": null,
                "long_name": null,
                "mac_packet_classify": null,
                "mode": null,
                "name": "vlan-3030",
                "vrf_name": null
              }
            },
            "device": "twe-agg01",
            "id": "sys/bd",
            "svi_autostate": null
          },
          "sensitive_attributes": [],
          "private": "eyJpbXBvcnRpbmciOiJNQT09In0="
        },
        {
          "index_key": "twe-agg01.3060",
          "schema_version": 0,
          "attributes": {
            "bridge_domains": {
              "vlan-3060": {
                "access_encap": null,
                "admin_state": null,
                "bridge_domain_state": null,
                "bridge_mode": null,
                "control": null,
                "cross_connect": null,
                "forwarding_control": null,
                "forwarding_mode": null,
                "long_name": null,
                "mac_packet_classify": null,
                "mode": null,
                "name": "vlan-3060",
                "vrf_name": null
              }
            },
            "device": "twe-agg01",
            "id": "sys/bd",
            "svi_autostate": null
          },
          "sensitive_attributes": [],
          "private": "eyJpbXBvcnRpbmciOiJNQT09In0="
        },
        {
          "index_key": "twe-agg01.650",
          "schema_version": 0,
          "attributes": {
            "bridge_domains": {
              "vlan-650": {
                "access_encap": null,
                "admin_state": null,
                "bridge_domain_state": null,
                "bridge_mode": null,
                "control": null,
                "cross_connect": null,
                "forwarding_control": null,
                "forwarding_mode": null,
                "long_name": null,
                "mac_packet_classify": null,
                "mode": null,
                "name": "vlan-650",
                "vrf_name": null
              }
            },
            "device": "twe-agg01",
            "id": "sys/bd",
            "svi_autostate": null
          },
          "sensitive_attributes": [],
          "private": "eyJpbXBvcnRpbmciOiJNQT09In0="
        },
        {
          "index_key": "twe-agg02.1100",
          "schema_version": 0,
          "attributes": {
            "bridge_domains": {
              "vlan-1100": {
                "access_encap": null,
                "admin_state": null,
                "bridge_domain_state": null,
                "bridge_mode": null,
                "control": null,
                "cross_connect": null,
                "forwarding_control": null,
                "forwarding_mode": null,
                "long_name": null,
                "mac_packet_classify": null,
                "mode": null,
                "name": "vlan-1100",
                "vrf_name": null
              }
            },
            "device": "twe-agg02",
            "id": "sys/bd",
            "svi_autostate": null
          },
          "sensitive_attributes": [],
          "private": "eyJpbXBvcnRpbmciOiJNQT09In0="
        },
        {
          "index_key": "twe-agg02.1101",
          "schema_version": 0,
          "attributes": {
            "bridge_domains": {
              "vlan-1101": {
                "access_encap": null,
                "admin_state": null,
                "bridge_domain_state": null,
                "bridge_mode": null,
                "control": null,
                "cross_connect": null,
                "forwarding_control": null,
                "forwarding_mode": null,
                "long_name": null,
                "mac_packet_classify": null,
                "mode": null,
                "name": "vlan-1101",
                "vrf_name": null
              }
            },
            "device": "twe-agg02",
            "id": "sys/bd",
            "svi_autostate": null
          },
          "sensitive_attributes": [],
          "private": "eyJpbXBvcnRpbmciOiJNQT09In0="
        },
        {
          "index_key": "twe-agg02.3010",
          "schema_version": 0,
          "attributes": {
            "bridge_domains": {
              "vlan-3010": {
                "access_encap": null,
                "admin_state": null,
                "bridge_domain_state": null,
                "bridge_mode": null,
                "control": null,
                "cross_connect": null,
                "forwarding_control": null,
                "forwarding_mode": null,
                "long_name": null,
                "mac_packet_classify": null,
                "mode": null,
                "name": "vlan-3010",
                "vrf_name": null
              }
            },
            "device": "twe-agg02",
            "id": "sys/bd",
            "svi_autostate": null
          },
          "sensitive_attributes": [],
          "private": "eyJpbXBvcnRpbmciOiJNQT09In0="
        },
        {
          "index_key": "twe-agg02.3020",
          "schema_version": 0,
          "attributes": {
            "bridge_domains": {
              "vlan-3020": {
                "access_encap": null,
                "admin_state": null,
                "bridge_domain_state": null,
                "bridge_mode": null,
                "control": null,
                "cross_connect": null,
                "forwarding_control": null,
                "forwarding_mode": null,
                "long_name": null,
                "mac_packet_classify": null,
                "mode": null,
                "name": "vlan-3020",
                "vrf_name": null
              }
            },
            "device": "twe-agg02",
            "id": "sys/bd",
            "svi_autostate": null
          },
          "sensitive_attributes": [],
          "private": "eyJpbXBvcnRpbmciOiJNQT09In0="
        },
        {
          "index_key": "twe-agg02.3030",
          "schema_version": 0,
          "attributes": {
            "bridge_domains": {
              "vlan-3030": {
                "access_encap": null,
                "admin_state": null,
                "bridge_domain_state": null,
                "bridge_mode": null,
                "control": null,
                "cross_connect": null,
                "forwarding_control": null,
                "forwarding_mode": null,
                "long_name": null,
                "mac_packet_classify": null,
                "mode": null,
                "name": "vlan-3030",
                "vrf_name": null
              }
            },
            "device": "twe-agg02",
            "id": "sys/bd",
            "svi_autostate": null
          },
          "sensitive_attributes": [],
          "private": "eyJpbXBvcnRpbmciOiJNQT09In0="
        },
        {
          "index_key": "twe-agg02.3060",
          "schema_version": 0,
          "attributes": {
            "bridge_domains": {
              "vlan-3060": {
                "access_encap": null,
                "admin_state": null,
                "bridge_domain_state": null,
                "bridge_mode": null,
                "control": null,
                "cross_connect": null,
                "forwarding_control": null,
                "forwarding_mode": null,
                "long_name": null,
                "mac_packet_classify": null,
                "mode": null,
                "name": "vlan-3060",
                "vrf_name": null
              }
            },
            "device": "twe-agg02",
            "id": "sys/bd",
            "svi_autostate": null
          },
          "sensitive_attributes": [],
          "private": "eyJpbXBvcnRpbmciOiJNQT09In0="
        },
        {
          "index_key": "twe-agg02.650",
          "schema_version": 0,
          "attributes": {
            "bridge_domains": {
              "vlan-650": {
                "access_encap": null,
                "admin_state": null,
                "bridge_domain_state": null,
                "bridge_mode": null,
                "control": null,
                "cross_connect": null,
                "forwarding_control": null,
                "forwarding_mode": null,
                "long_name": null,
                "mac_packet_classify": null,
                "mode": null,
                "name": "vlan-650",
                "vrf_name": null
              }
            },
            "device": "twe-agg02",
            "id": "sys/bd",
            "svi_autostate": null
          },
          "sensitive_attributes": [],
          "private": "eyJpbXBvcnRpbmciOiJNQT09In0="
        }
      ]
    },
    {
      "module": "module.config-Switching",
      "mode": "managed",
      "type": "nxos_dme",
      "name": "Configure-vpc-dom-arp",
      "provider": "module.config-Switching.provider[\"registry.terraform.io/ciscodevnet/nxos\"]",
      "instances": [
        {
          "index_key": "twe-agg01",
          "schema_version": 0,
          "attributes": {
            "children": null,
            "class_name": "arpVpcDom",
            "content": {
              "arpSync": "enabled",
              "domainId": "101",
              "status": "created,modified"
            },
            "delete": true,
            "device": "twe-agg01",
            "dn": "sys/arp/inst/vpc/dom-[101]",
            "id": "sys/arp/inst/vpc/dom-[101]"
          },
          "sensitive_attributes": [],
          "private": "eyJpbXBvcnRpbmciOiJNQT09In0="
        },
        {
          "index_key": "twe-agg02",
          "schema_version": 0,
          "attributes": {
            "children": null,
            "class_name": "arpVpcDom",
            "content": {
              "arpSync": "enabled",
              "domainId": "101",
              "status": "created,modified"
            },
            "delete": true,
            "device": "twe-agg02",
            "dn": "sys/arp/inst/vpc/dom-[101]",
            "id": "sys/arp/inst/vpc/dom-[101]"
          },
          "sensitive_attributes": [],
          "private": "eyJpbXBvcnRpbmciOiJNQT09In0="
        }
      ]
    },
    {
      "module": "module.config-Switching",
      "mode": "managed",
      "type": "nxos_vpc",
      "name": "vpc",
      "provider": "module.config-Switching.provider[\"registry.terraform.io/ciscodevnet/nxos\"]",
      "instances": [
        {
          "index_key": "twe-agg01",
          "schema_version": 0,
          "attributes": {
            "admin_state": "enabled",
            "auto_recovery": "enabled",
            "auto_recovery_interval": 60,
            "control": null,
            "delay_peer_link_bringup": null,
            "delay_restore_orphan_port": null,
            "delay_restore_svi": null,
            "delay_restore_vpc": null,
            "device": "twe-agg01",
            "domain_admin_state": null,
            "domain_id": 101,
            "dscp": null,
            "exclude_svi": null,
            "fast_convergence": null,
            "graceful_consistency_check": null,
            "id": "sys/vpc",
            "instance_admin_state": null,
            "interfaces": null,
            "keepalive_destination_ip": null,
            "keepalive_flush_timeout": null,
            "keepalive_interval": null,
            "keepalive_precedence_type": null,
            "keepalive_precedence_value": null,
            "keepalive_source_ip": null,
            "keepalive_timeout": null,
            "keepalive_type_of_service_byte": null,
            "keepalive_type_of_service_configuration_type": null,
            "keepalive_type_of_service_type": null,
            "keepalive_type_of_service_value": null,
            "keepalive_udp_port": null,
            "keepalive_vrf": null,
            "l3_peer_router": "enabled",
            "l3_peer_router_syslog": null,
            "l3_peer_router_syslog_interval": null,
            "mac_bpdu_source_version_2": null,
            "peer_gateway": "enabled",
            "peer_gateway_exclude_vlan": null,
            "peer_ip": null,
            "peer_switch": "enabled",
            "peerlink_admin_state": null,
            "peerlink_description": null,
            "peerlink_interface_id": "po1",
            "role_priority": 10,
            "sys_mac": null,
            "system_priority": null,
            "track": null,
            "virtual_ip": null
          },
          "sensitive_attributes": [],
          "private": "eyJpbXBvcnRpbmciOiJNQT09In0="
        },
        {
          "index_key": "twe-agg02",
          "schema_version": 0,
          "attributes": {
            "admin_state": "enabled",
            "auto_recovery": "enabled",
            "auto_recovery_interval": 60,
            "control": null,
            "delay_peer_link_bringup": null,
            "delay_restore_orphan_port": null,
            "delay_restore_svi": null,
            "delay_restore_vpc": null,
            "device": "twe-agg02",
            "domain_admin_state": null,
            "domain_id": 101,
            "dscp": null,
            "exclude_svi": null,
            "fast_convergence": null,
            "graceful_consistency_check": null,
            "id": "sys/vpc",
            "instance_admin_state": null,
            "interfaces": null,
            "keepalive_destination_ip": null,
            "keepalive_flush_timeout": null,
            "keepalive_interval": null,
            "keepalive_precedence_type": null,
            "keepalive_precedence_value": null,
            "keepalive_source_ip": null,
            "keepalive_timeout": null,
            "keepalive_type_of_service_byte": null,
            "keepalive_type_of_service_configuration_type": null,
            "keepalive_type_of_service_type": null,
            "keepalive_type_of_service_value": null,
            "keepalive_udp_port": null,
            "keepalive_vrf": null,
            "l3_peer_router": "enabled",
            "l3_peer_router_syslog": null,
            "l3_peer_router_syslog_interval": null,
            "mac_bpdu_source_version_2": null,
            "peer_gateway": "enabled",
            "peer_gateway_exclude_vlan": null,
            "peer_ip": null,
            "peer_switch": "enabled",
            "peerlink_admin_state": null,
            "peerlink_description": null,
            "peerlink_interface_id": "po1",
            "role_priority": 10,
            "sys_mac": null,
            "system_priority": null,
            "track": null,
            "virtual_ip": null
          },
          "sensitive_attributes": [],
          "private": "eyJpbXBvcnRpbmciOiJNQT09In0="
        }
      ]
    },
    {
      "module": "module.config-interfaces",
      "mode": "managed",
      "type": "nxos_loopback_interface",
      "name": "lo101",
      "provider": "module.config-interfaces.provider[\"registry.terraform.io/ciscodevnet/nxos\"]",
      "instances": [
        {
          "index_key": "twe-agg01",
          "schema_version": 0,
          "attributes": {
            "device": "twe-agg01",
            "id": "sys/intf",
            "loopback_interfaces": {
              "lo101": {
                "admin_state": "up",
                "description": "### XX01-Loopback ###",
                "link_logging": null,
                "vrf_dn": "sys/inst-xx01-xx-core"
              }
            }
          },
          "sensitive_attributes": [],
          "private": "eyJpbXBvcnRpbmciOiJNQT09In0="
        },
        {
          "index_key": "twe-agg02",
          "schema_version": 0,
          "attributes": {
            "device": "twe-agg02",
            "id": "sys/intf",
            "loopback_interfaces": {
              "lo101": {
                "admin_state": "up",
                "description": "### XX01-Loopback ###",
                "link_logging": null,
                "vrf_dn": "sys/inst-xx01-xx-core"
              }
            }
          },
          "sensitive_attributes": [],
          "private": "eyJpbXBvcnRpbmciOiJNQT09In0="
        }
      ]
    },
    {
      "module": "module.config-interfaces",
      "mode": "managed",
      "type": "nxos_physical_interface",
      "name": "eth1_10_12",
      "provider": "module.config-interfaces.provider[\"registry.terraform.io/ciscodevnet/nxos\"]",
      "instances": [
        {
          "index_key": "twe-agg01",
          "schema_version": 0,
          "attributes": {
            "device": "twe-agg01",
            "id": "sys/intf",
            "physical_interfaces": {
              "eth1/10": {
                "access_vlan": null,
                "admin_state": "up",
                "auto_negotiation": null,
                "bandwidth": null,
                "beacon": null,
                "delay": null,
                "description": "PO2_Member",
                "dfe_adaptive_tuning": null,
                "dfe_tuning_delay": null,
                "dot1q_ether_type": null,
                "duplex": null,
                "equalization_delay": null,
                "fec_mode": null,
                "inherit_bandwidth": null,
                "itu_channel": null,
                "layer": null,
                "link_active_jitter_management": null,
                "link_debounce_down": null,
                "link_debounce_up": null,
                "link_flap_error_disable": null,
                "link_flap_error_max": null,
                "link_flap_error_seconds": null,
                "link_logging": null,
                "link_loopback": null,
                "link_mac_up_timer": null,
                "link_max_bring_up_timer": null,
                "link_transmit_reset": null,
                "mdix": null,
                "media_type": null,
                "medium": null,
                "mode": null,
                "mtu": null,
                "native_vlan": null,
                "optics_loopback": null,
                "packet_timestamp_egress_source_id": null,
                "packet_timestamp_ingress_source_id": null,
                "packet_timestamp_state": null,
                "port_type": null,
                "router_mac": null,
                "snmp_trap_state": null,
                "span_mode": null,
                "speed": null,
                "speed_group": null,
                "squelch": null,
                "transparent_mode": null,
                "trunk_logging": null,
                "trunk_vlans": null,
                "uni_directional_ethernet": null,
                "usage": null,
                "user_configured_flags": null,
                "voice_port_cos": null,
                "voice_port_trust": null,
                "voice_vlan_id": null,
                "voice_vlan_type": null,
                "vrf_dn": null
              },
              "eth1/12": {
                "access_vlan": null,
                "admin_state": "up",
                "auto_negotiation": null,
                "bandwidth": null,
                "beacon": null,
                "delay": null,
                "description": "PO2_Member",
                "dfe_adaptive_tuning": null,
                "dfe_tuning_delay": null,
                "dot1q_ether_type": null,
                "duplex": null,
                "equalization_delay": null,
                "fec_mode": null,
                "inherit_bandwidth": null,
                "itu_channel": null,
                "layer": null,
                "link_active_jitter_management": null,
                "link_debounce_down": null,
                "link_debounce_up": null,
                "link_flap_error_disable": null,
                "link_flap_error_max": null,
                "link_flap_error_seconds": null,
                "link_logging": null,
                "link_loopback": null,
                "link_mac_up_timer": null,
                "link_max_bring_up_timer": null,
                "link_transmit_reset": null,
                "mdix": null,
                "media_type": null,
                "medium": null,
                "mode": null,
                "mtu": null,
                "native_vlan": null,
                "optics_loopback": null,
                "packet_timestamp_egress_source_id": null,
                "packet_timestamp_ingress_source_id": null,
                "packet_timestamp_state": null,
                "port_type": null,
                "router_mac": null,
                "snmp_trap_state": null,
                "span_mode": null,
                "speed": null,
                "speed_group": null,
                "squelch": null,
                "transparent_mode": null,
                "trunk_logging": null,
                "trunk_vlans": null,
                "uni_directional_ethernet": null,
                "usage": null,
                "user_configured_flags": null,
                "voice_port_cos": null,
                "voice_port_trust": null,
                "voice_vlan_id": null,
                "voice_vlan_type": null,
                "vrf_dn": null
              }
            }
          },
          "sensitive_attributes": [],
          "private": "eyJpbXBvcnRpbmciOiJNQT09In0="
        },
        {
          "index_key": "twe-agg02",
          "schema_version": 0,
          "attributes": {
            "device": "twe-agg02",
            "id": "sys/intf",
            "physical_interfaces": {
              "eth1/10": {
                "access_vlan": null,
                "admin_state": "up",
                "auto_negotiation": null,
                "bandwidth": null,
                "beacon": null,
                "delay": null,
                "description": "PO2_Member",
                "dfe_adaptive_tuning": null,
                "dfe_tuning_delay": null,
                "dot1q_ether_type": null,
                "duplex": null,
                "equalization_delay": null,
                "fec_mode": null,
                "inherit_bandwidth": null,
                "itu_channel": null,
                "layer": null,
                "link_active_jitter_management": null,
                "link_debounce_down": null,
                "link_debounce_up": null,
                "link_flap_error_disable": null,
                "link_flap_error_max": null,
                "link_flap_error_seconds": null,
                "link_logging": null,
                "link_loopback": null,
                "link_mac_up_timer": null,
                "link_max_bring_up_timer": null,
                "link_transmit_reset": null,
                "mdix": null,
                "media_type": null,
                "medium": null,
                "mode": null,
                "mtu": null,
                "native_vlan": null,
                "optics_loopback": null,
                "packet_timestamp_egress_source_id": null,
                "packet_timestamp_ingress_source_id": null,
                "packet_timestamp_state": null,
                "port_type": null,
                "router_mac": null,
                "snmp_trap_state": null,
                "span_mode": null,
                "speed": null,
                "speed_group": null,
                "squelch": null,
                "transparent_mode": null,
                "trunk_logging": null,
                "trunk_vlans": null,
                "uni_directional_ethernet": null,
                "usage": null,
                "user_configured_flags": null,
                "voice_port_cos": null,
                "voice_port_trust": null,
                "voice_vlan_id": null,
                "voice_vlan_type": null,
                "vrf_dn": null
              },
              "eth1/12": {
                "access_vlan": null,
                "admin_state": "up",
                "auto_negotiation": null,
                "bandwidth": null,
                "beacon": null,
                "delay": null,
                "description": "PO2_Member",
                "dfe_adaptive_tuning": null,
                "dfe_tuning_delay": null,
                "dot1q_ether_type": null,
                "duplex": null,
                "equalization_delay": null,
                "fec_mode": null,
                "inherit_bandwidth": null,
                "itu_channel": null,
                "layer": null,
                "link_active_jitter_management": null,
                "link_debounce_down": null,
                "link_debounce_up": null,
                "link_flap_error_disable": null,
                "link_flap_error_max": null,
                "link_flap_error_seconds": null,
                "link_logging": null,
                "link_loopback": null,
                "link_mac_up_timer": null,
                "link_max_bring_up_timer": null,
                "link_transmit_reset": null,
                "mdix": null,
                "media_type": null,
                "medium": null,
                "mode": null,
                "mtu": null,
                "native_vlan": null,
                "optics_loopback": null,
                "packet_timestamp_egress_source_id": null,
                "packet_timestamp_ingress_source_id": null,
                "packet_timestamp_state": null,
                "port_type": null,
                "router_mac": null,
                "snmp_trap_state": null,
                "span_mode": null,
                "speed": null,
                "speed_group": null,
                "squelch": null,
                "transparent_mode": null,
                "trunk_logging": null,
                "trunk_vlans": null,
                "uni_directional_ethernet": null,
                "usage": null,
                "user_configured_flags": null,
                "voice_port_cos": null,
                "voice_port_trust": null,
                "voice_vlan_id": null,
                "voice_vlan_type": null,
                "vrf_dn": null
              }
            }
          },
          "sensitive_attributes": [],
          "private": "eyJpbXBvcnRpbmciOiJNQT09In0="
        }
      ]
    },
    {
      "module": "module.config-interfaces",
      "mode": "managed",
      "type": "nxos_physical_interface",
      "name": "eth1_6",
      "provider": "module.config-interfaces.provider[\"registry.terraform.io/ciscodevnet/nxos\"]",
      "instances": [
        {
          "index_key": "twe-agg01",
          "schema_version": 0,
          "attributes": {
            "device": "twe-agg01",
            "id": "sys/intf",
            "physical_interfaces": {
              "eth1/6": {
                "access_vlan": null,
                "admin_state": "up",
                "auto_negotiation": null,
                "bandwidth": null,
                "beacon": null,
                "delay": null,
                "description": "PO4_Member",
                "dfe_adaptive_tuning": null,
                "dfe_tuning_delay": null,
                "dot1q_ether_type": null,
                "duplex": null,
                "equalization_delay": null,
                "fec_mode": null,
                "inherit_bandwidth": null,
                "itu_channel": null,
                "layer": null,
                "link_active_jitter_management": null,
                "link_debounce_down": null,
                "link_debounce_up": null,
                "link_flap_error_disable": null,
                "link_flap_error_max": null,
                "link_flap_error_seconds": null,
                "link_logging": null,
                "link_loopback": null,
                "link_mac_up_timer": null,
                "link_max_bring_up_timer": null,
                "link_transmit_reset": null,
                "mdix": null,
                "media_type": null,
                "medium": null,
                "mode": null,
                "mtu": null,
                "native_vlan": null,
                "optics_loopback": null,
                "packet_timestamp_egress_source_id": null,
                "packet_timestamp_ingress_source_id": null,
                "packet_timestamp_state": null,
                "port_type": null,
                "router_mac": null,
                "snmp_trap_state": null,
                "span_mode": null,
                "speed": null,
                "speed_group": null,
                "squelch": null,
                "transparent_mode": null,
                "trunk_logging": null,
                "trunk_vlans": null,
                "uni_directional_ethernet": null,
                "usage": null,
                "user_configured_flags": null,
                "voice_port_cos": null,
                "voice_port_trust": null,
                "voice_vlan_id": null,
                "voice_vlan_type": null,
                "vrf_dn": null
              }
            }
          },
          "sensitive_attributes": [],
          "private": "eyJpbXBvcnRpbmciOiJNQT09In0="
        },
        {
          "index_key": "twe-agg02",
          "schema_version": 0,
          "attributes": {
            "device": "twe-agg02",
            "id": "sys/intf",
            "physical_interfaces": {
              "eth1/6": {
                "access_vlan": null,
                "admin_state": "up",
                "auto_negotiation": null,
                "bandwidth": null,
                "beacon": null,
                "delay": null,
                "description": "PO4_Member",
                "dfe_adaptive_tuning": null,
                "dfe_tuning_delay": null,
                "dot1q_ether_type": null,
                "duplex": null,
                "equalization_delay": null,
                "fec_mode": null,
                "inherit_bandwidth": null,
                "itu_channel": null,
                "layer": null,
                "link_active_jitter_management": null,
                "link_debounce_down": null,
                "link_debounce_up": null,
                "link_flap_error_disable": null,
                "link_flap_error_max": null,
                "link_flap_error_seconds": null,
                "link_logging": null,
                "link_loopback": null,
                "link_mac_up_timer": null,
                "link_max_bring_up_timer": null,
                "link_transmit_reset": null,
                "mdix": null,
                "media_type": null,
                "medium": null,
                "mode": null,
                "mtu": null,
                "native_vlan": null,
                "optics_loopback": null,
                "packet_timestamp_egress_source_id": null,
                "packet_timestamp_ingress_source_id": null,
                "packet_timestamp_state": null,
                "port_type": null,
                "router_mac": null,
                "snmp_trap_state": null,
                "span_mode": null,
                "speed": null,
                "speed_group": null,
                "squelch": null,
                "transparent_mode": null,
                "trunk_logging": null,
                "trunk_vlans": null,
                "uni_directional_ethernet": null,
                "usage": null,
                "user_configured_flags": null,
                "voice_port_cos": null,
                "voice_port_trust": null,
                "voice_vlan_id": null,
                "voice_vlan_type": null,
                "vrf_dn": null
              }
            }
          },
          "sensitive_attributes": [],
          "private": "eyJpbXBvcnRpbmciOiJNQT09In0="
        }
      ]
    },
    {
      "module": "module.config-interfaces",
      "mode": "managed",
      "type": "nxos_physical_interface",
      "name": "eth1_7_8",
      "provider": "module.config-interfaces.provider[\"registry.terraform.io/ciscodevnet/nxos\"]",
      "instances": [
        {
          "index_key": "twe-agg01",
          "schema_version": 0,
          "attributes": {
            "device": "twe-agg01",
            "id": "sys/intf",
            "physical_interfaces": {
              "eth1/7": {
                "access_vlan": null,
                "admin_state": "up",
                "auto_negotiation": null,
                "bandwidth": null,
                "beacon": null,
                "delay": null,
                "description": "PO1_Member",
                "dfe_adaptive_tuning": null,
                "dfe_tuning_delay": null,
                "dot1q_ether_type": null,
                "duplex": null,
                "equalization_delay": null,
                "fec_mode": null,
                "inherit_bandwidth": null,
                "itu_channel": null,
                "layer": null,
                "link_active_jitter_management": null,
                "link_debounce_down": null,
                "link_debounce_up": null,
                "link_flap_error_disable": null,
                "link_flap_error_max": null,
                "link_flap_error_seconds": null,
                "link_logging": null,
                "link_loopback": null,
                "link_mac_up_timer": null,
                "link_max_bring_up_timer": null,
                "link_transmit_reset": null,
                "mdix": null,
                "media_type": null,
                "medium": null,
                "mode": null,
                "mtu": null,
                "native_vlan": null,
                "optics_loopback": null,
                "packet_timestamp_egress_source_id": null,
                "packet_timestamp_ingress_source_id": null,
                "packet_timestamp_state": null,
                "port_type": null,
                "router_mac": null,
                "snmp_trap_state": null,
                "span_mode": null,
                "speed": null,
                "speed_group": null,
                "squelch": null,
                "transparent_mode": null,
                "trunk_logging": null,
                "trunk_vlans": null,
                "uni_directional_ethernet": null,
                "usage": null,
                "user_configured_flags": null,
                "voice_port_cos": null,
                "voice_port_trust": null,
                "voice_vlan_id": null,
                "voice_vlan_type": null,
                "vrf_dn": null
              },
              "eth1/8": {
                "access_vlan": null,
                "admin_state": "up",
                "auto_negotiation": null,
                "bandwidth": null,
                "beacon": null,
                "delay": null,
                "description": "PO1_Member",
                "dfe_adaptive_tuning": null,
                "dfe_tuning_delay": null,
                "dot1q_ether_type": null,
                "duplex": null,
                "equalization_delay": null,
                "fec_mode": null,
                "inherit_bandwidth": null,
                "itu_channel": null,
                "layer": null,
                "link_active_jitter_management": null,
                "link_debounce_down": null,
                "link_debounce_up": null,
                "link_flap_error_disable": null,
                "link_flap_error_max": null,
                "link_flap_error_seconds": null,
                "link_logging": null,
                "link_loopback": null,
                "link_mac_up_timer": null,
                "link_max_bring_up_timer": null,
                "link_transmit_reset": null,
                "mdix": null,
                "media_type": null,
                "medium": null,
                "mode": null,
                "mtu": null,
                "native_vlan": null,
                "optics_loopback": null,
                "packet_timestamp_egress_source_id": null,
                "packet_timestamp_ingress_source_id": null,
                "packet_timestamp_state": null,
                "port_type": null,
                "router_mac": null,
                "snmp_trap_state": null,
                "span_mode": null,
                "speed": null,
                "speed_group": null,
                "squelch": null,
                "transparent_mode": null,
                "trunk_logging": null,
                "trunk_vlans": null,
                "uni_directional_ethernet": null,
                "usage": null,
                "user_configured_flags": null,
                "voice_port_cos": null,
                "voice_port_trust": null,
                "voice_vlan_id": null,
                "voice_vlan_type": null,
                "vrf_dn": null
              }
            }
          },
          "sensitive_attributes": [],
          "private": "eyJpbXBvcnRpbmciOiJNQT09In0="
        },
        {
          "index_key": "twe-agg02",
          "schema_version": 0,
          "attributes": {
            "device": "twe-agg02",
            "id": "sys/intf",
            "physical_interfaces": {
              "eth1/7": {
                "access_vlan": null,
                "admin_state": "up",
                "auto_negotiation": null,
                "bandwidth": null,
                "beacon": null,
                "delay": null,
                "description": "PO1_Member",
                "dfe_adaptive_tuning": null,
                "dfe_tuning_delay": null,
                "dot1q_ether_type": null,
                "duplex": null,
                "equalization_delay": null,
                "fec_mode": null,
                "inherit_bandwidth": null,
                "itu_channel": null,
                "layer": null,
                "link_active_jitter_management": null,
                "link_debounce_down": null,
                "link_debounce_up": null,
                "link_flap_error_disable": null,
                "link_flap_error_max": null,
                "link_flap_error_seconds": null,
                "link_logging": null,
                "link_loopback": null,
                "link_mac_up_timer": null,
                "link_max_bring_up_timer": null,
                "link_transmit_reset": null,
                "mdix": null,
                "media_type": null,
                "medium": null,
                "mode": null,
                "mtu": null,
                "native_vlan": null,
                "optics_loopback": null,
                "packet_timestamp_egress_source_id": null,
                "packet_timestamp_ingress_source_id": null,
                "packet_timestamp_state": null,
                "port_type": null,
                "router_mac": null,
                "snmp_trap_state": null,
                "span_mode": null,
                "speed": null,
                "speed_group": null,
                "squelch": null,
                "transparent_mode": null,
                "trunk_logging": null,
                "trunk_vlans": null,
                "uni_directional_ethernet": null,
                "usage": null,
                "user_configured_flags": null,
                "voice_port_cos": null,
                "voice_port_trust": null,
                "voice_vlan_id": null,
                "voice_vlan_type": null,
                "vrf_dn": null
              },
              "eth1/8": {
                "access_vlan": null,
                "admin_state": "up",
                "auto_negotiation": null,
                "bandwidth": null,
                "beacon": null,
                "delay": null,
                "description": "PO1_Member",
                "dfe_adaptive_tuning": null,
                "dfe_tuning_delay": null,
                "dot1q_ether_type": null,
                "duplex": null,
                "equalization_delay": null,
                "fec_mode": null,
                "inherit_bandwidth": null,
                "itu_channel": null,
                "layer": null,
                "link_active_jitter_management": null,
                "link_debounce_down": null,
                "link_debounce_up": null,
                "link_flap_error_disable": null,
                "link_flap_error_max": null,
                "link_flap_error_seconds": null,
                "link_logging": null,
                "link_loopback": null,
                "link_mac_up_timer": null,
                "link_max_bring_up_timer": null,
                "link_transmit_reset": null,
                "mdix": null,
                "media_type": null,
                "medium": null,
                "mode": null,
                "mtu": null,
                "native_vlan": null,
                "optics_loopback": null,
                "packet_timestamp_egress_source_id": null,
                "packet_timestamp_ingress_source_id": null,
                "packet_timestamp_state": null,
                "port_type": null,
                "router_mac": null,
                "snmp_trap_state": null,
                "span_mode": null,
                "speed": null,
                "speed_group": null,
                "squelch": null,
                "transparent_mode": null,
                "trunk_logging": null,
                "trunk_vlans": null,
                "uni_directional_ethernet": null,
                "usage": null,
                "user_configured_flags": null,
                "voice_port_cos": null,
                "voice_port_trust": null,
                "voice_vlan_id": null,
                "voice_vlan_type": null,
                "vrf_dn": null
              }
            }
          },
          "sensitive_attributes": [],
          "private": "eyJpbXBvcnRpbmciOiJNQT09In0="
        }
      ]
    },
    {
      "module": "module.config-interfaces",
      "mode": "managed",
      "type": "nxos_port_channel_interface",
      "name": "po-agg01",
      "provider": "module.config-interfaces.provider[\"registry.terraform.io/ciscodevnet/nxos\"].twe-agg01",
      "instances": [
        {
          "schema_version": 0,
          "attributes": {
            "device": null,
            "id": "sys/intf",
            "port_channel_interfaces": {
              "po1": {
                "access_vlan": null,
                "admin_state": "up",
                "auto_negotiation": null,
                "bandwidth": null,
                "delay": null,
                "description": "### vPC peer-link ###",
                "dot1q_ether_type": null,
                "duplex": null,
                "equalization_delay": null,
                "graceful_convergence": null,
                "hash_distribution": null,
                "inherit_bandwidth": null,
                "itu_channel": null,
                "lacp_delay_mode": null,
                "lacp_vpc_convergence": null,
                "layer": "Layer2",
                "link_debounce_down": null,
                "link_logging": null,
                "load_defer": null,
                "maximum_links": null,
                "mdix": null,
                "medium": null,
                "members": {
                  "sys/intf/phys-[eth1/7]": {
                    "force": true
                  },
                  "sys/intf/phys-[eth1/8]": {
                    "force": true
                  }
                },
                "minimum_links": 1,
                "mode": "trunk",
                "mtu": 1500,
                "native_vlan": null,
                "optics_loopback": null,
                "port_channel_mode": "active",
                "port_type": null,
                "pxe_transition_timeout": null,
                "router_mac": null,
                "snmp_trap_state": null,
                "span_mode": null,
                "speed": null,
                "squelch": null,
                "suspend_individual": "disable",
                "transmission_mode": null,
                "trunk_logging": null,
                "trunk_vlans": "1-4094",
                "usage": null,
                "user_configured_flags": null,
                "vrf_dn": null
              },
              "po11": {
                "access_vlan": null,
                "admin_state": "up",
                "auto_negotiation": null,
                "bandwidth": null,
                "delay": null,
                "description": "### TWE 01 to SAT 01 ###",
                "dot1q_ether_type": null,
                "duplex": null,
                "equalization_delay": null,
                "graceful_convergence": null,
                "hash_distribution": null,
                "inherit_bandwidth": null,
                "itu_channel": null,
                "lacp_delay_mode": null,
                "lacp_vpc_convergence": null,
                "layer": "Layer3",
                "link_debounce_down": null,
                "link_logging": null,
                "load_defer": null,
                "maximum_links": null,
                "mdix": null,
                "medium": null,
                "members": {
                  "sys/intf/phys-[eth1/1]": {
                    "force": true
                  }
                },
                "minimum_links": 1,
                "mode": null,
                "mtu": 9216,
                "native_vlan": null,
                "optics_loopback": null,
                "port_channel_mode": "active",
                "port_type": null,
                "pxe_transition_timeout": null,
                "router_mac": null,
                "snmp_trap_state": null,
                "span_mode": null,
                "speed": null,
                "squelch": null,
                "suspend_individual": null,
                "transmission_mode": null,
                "trunk_logging": null,
                "trunk_vlans": null,
                "usage": null,
                "user_configured_flags": null,
                "vrf_dn": null
              },
              "po12": {
                "access_vlan": null,
                "admin_state": "up",
                "auto_negotiation": null,
                "bandwidth": null,
                "delay": null,
                "description": "### TWE AGG01 to SAT 02 ###",
                "dot1q_ether_type": null,
                "duplex": null,
                "equalization_delay": null,
                "graceful_convergence": null,
                "hash_distribution": null,
                "inherit_bandwidth": null,
                "itu_channel": null,
                "lacp_delay_mode": null,
                "lacp_vpc_convergence": null,
                "layer": "Layer3",
                "link_debounce_down": null,
                "link_logging": null,
                "load_defer": null,
                "maximum_links": null,
                "mdix": null,
                "medium": null,
                "members": {
                  "sys/intf/phys-[eth1/2]": {
                    "force": true
                  }
                },
                "minimum_links": 1,
                "mode": null,
                "mtu": 9216,
                "native_vlan": null,
                "optics_loopback": null,
                "port_channel_mode": "active",
                "port_type": null,
                "pxe_transition_timeout": null,
                "router_mac": null,
                "snmp_trap_state": null,
                "span_mode": null,
                "speed": null,
                "squelch": null,
                "suspend_individual": null,
                "transmission_mode": null,
                "trunk_logging": null,
                "trunk_vlans": null,
                "usage": null,
                "user_configured_flags": null,
                "vrf_dn": null
              },
              "po2": {
                "access_vlan": null,
                "admin_state": "up",
                "auto_negotiation": null,
                "bandwidth": null,
                "delay": null,
                "description": "### TWE Peer Routed Connectivity ###",
                "dot1q_ether_type": null,
                "duplex": null,
                "equalization_delay": null,
                "graceful_convergence": null,
                "hash_distribution": null,
                "inherit_bandwidth": null,
                "itu_channel": null,
                "lacp_delay_mode": null,
                "lacp_vpc_convergence": null,
                "layer": "Layer3",
                "link_debounce_down": null,
                "link_logging": null,
                "load_defer": null,
                "maximum_links": null,
                "mdix": null,
                "medium": null,
                "members": {
                  "sys/intf/phys-[eth1/10]": {
                    "force": true
                  },
                  "sys/intf/phys-[eth1/12]": {
                    "force": true
                  }
                },
                "minimum_links": 1,
                "mode": null,
                "mtu": 9216,
                "native_vlan": null,
                "optics_loopback": null,
                "port_channel_mode": "active",
                "port_type": null,
                "pxe_transition_timeout": null,
                "router_mac": null,
                "snmp_trap_state": null,
                "span_mode": null,
                "speed": null,
                "squelch": null,
                "suspend_individual": null,
                "transmission_mode": null,
                "trunk_logging": null,
                "trunk_vlans": null,
                "usage": null,
                "user_configured_flags": null,
                "vrf_dn": null
              },
              "po4": {
                "access_vlan": null,
                "admin_state": "up",
                "auto_negotiation": null,
                "bandwidth": null,
                "delay": null,
                "description": "### VPC Keepalive ###",
                "dot1q_ether_type": null,
                "duplex": null,
                "equalization_delay": null,
                "graceful_convergence": null,
                "hash_distribution": null,
                "inherit_bandwidth": null,
                "itu_channel": null,
                "lacp_delay_mode": null,
                "lacp_vpc_convergence": null,
                "layer": "Layer3",
                "link_debounce_down": null,
                "link_logging": null,
                "load_defer": null,
                "maximum_links": null,
                "mdix": null,
                "medium": null,
                "members": {
                  "sys/intf/phys-[eth1/6]": {
                    "force": true
                  }
                },
                "minimum_links": 1,
                "mode": null,
                "mtu": 9216,
                "native_vlan": null,
                "optics_loopback": null,
                "port_channel_mode": "active",
                "port_type": null,
                "pxe_transition_timeout": null,
                "router_mac": null,
                "snmp_trap_state": null,
                "span_mode": null,
                "speed": null,
                "squelch": null,
                "suspend_individual": null,
                "transmission_mode": null,
                "trunk_logging": null,
                "trunk_vlans": null,
                "usage": null,
                "user_configured_flags": null,
                "vrf_dn": "sys/inst-vpc"
              }
            }
          },
          "sensitive_attributes": [],
          "private": "eyJpbXBvcnRpbmciOiJNQT09In0="
        }
      ]
    },
    {
      "module": "module.config-interfaces",
      "mode": "managed",
      "type": "nxos_port_channel_interface",
      "name": "po-agg02",
      "provider": "module.config-interfaces.provider[\"registry.terraform.io/ciscodevnet/nxos\"].twe-agg02",
      "instances": [
        {
          "schema_version": 0,
          "attributes": {
            "device": null,
            "id": "sys/intf",
            "port_channel_interfaces": {
              "po1": {
                "access_vlan": null,
                "admin_state": "up",
                "auto_negotiation": null,
                "bandwidth": null,
                "delay": null,
                "description": "### vPC peer-link ###",
                "dot1q_ether_type": null,
                "duplex": null,
                "equalization_delay": null,
                "graceful_convergence": null,
                "hash_distribution": null,
                "inherit_bandwidth": null,
                "itu_channel": null,
                "lacp_delay_mode": null,
                "lacp_vpc_convergence": null,
                "layer": "Layer2",
                "link_debounce_down": null,
                "link_logging": null,
                "load_defer": null,
                "maximum_links": null,
                "mdix": null,
                "medium": null,
                "members": {
                  "sys/intf/phys-[eth1/7]": {
                    "force": true
                  },
                  "sys/intf/phys-[eth1/8]": {
                    "force": true
                  }
                },
                "minimum_links": 1,
                "mode": "trunk",
                "mtu": 1500,
                "native_vlan": null,
                "optics_loopback": null,
                "port_channel_mode": "active",
                "port_type": null,
                "pxe_transition_timeout": null,
                "router_mac": null,
                "snmp_trap_state": null,
                "span_mode": null,
                "speed": null,
                "squelch": null,
                "suspend_individual": "disable",
                "transmission_mode": null,
                "trunk_logging": null,
                "trunk_vlans": "1-4094",
                "usage": null,
                "user_configured_flags": null,
                "vrf_dn": null
              },
              "po2": {
                "access_vlan": null,
                "admin_state": "up",
                "auto_negotiation": null,
                "bandwidth": null,
                "delay": null,
                "description": "### TWE Peer Routed Connectivity ###",
                "dot1q_ether_type": null,
                "duplex": null,
                "equalization_delay": null,
                "graceful_convergence": null,
                "hash_distribution": null,
                "inherit_bandwidth": null,
                "itu_channel": null,
                "lacp_delay_mode": null,
                "lacp_vpc_convergence": null,
                "layer": "Layer3",
                "link_debounce_down": null,
                "link_logging": null,
                "load_defer": null,
                "maximum_links": null,
                "mdix": null,
                "medium": null,
                "members": {
                  "sys/intf/phys-[eth1/10]": {
                    "force": true
                  },
                  "sys/intf/phys-[eth1/12]": {
                    "force": true
                  }
                },
                "minimum_links": 1,
                "mode": null,
                "mtu": 9216,
                "native_vlan": null,
                "optics_loopback": null,
                "port_channel_mode": "active",
                "port_type": null,
                "pxe_transition_timeout": null,
                "router_mac": null,
                "snmp_trap_state": null,
                "span_mode": null,
                "speed": null,
                "squelch": null,
                "suspend_individual": null,
                "transmission_mode": null,
                "trunk_logging": null,
                "trunk_vlans": null,
                "usage": null,
                "user_configured_flags": null,
                "vrf_dn": null
              },
              "po21": {
                "access_vlan": null,
                "admin_state": "up",
                "auto_negotiation": null,
                "bandwidth": null,
                "delay": null,
                "description": "### TWE 01 to SAT 01 ###",
                "dot1q_ether_type": null,
                "duplex": null,
                "equalization_delay": null,
                "graceful_convergence": null,
                "hash_distribution": null,
                "inherit_bandwidth": null,
                "itu_channel": null,
                "lacp_delay_mode": null,
                "lacp_vpc_convergence": null,
                "layer": "Layer3",
                "link_debounce_down": null,
                "link_logging": null,
                "load_defer": null,
                "maximum_links": null,
                "mdix": null,
                "medium": null,
                "members": {
                  "sys/intf/phys-[eth1/1]": {
                    "force": true
                  }
                },
                "minimum_links": 1,
                "mode": null,
                "mtu": 9216,
                "native_vlan": null,
                "optics_loopback": null,
                "port_channel_mode": "active",
                "port_type": null,
                "pxe_transition_timeout": null,
                "router_mac": null,
                "snmp_trap_state": null,
                "span_mode": null,
                "speed": null,
                "squelch": null,
                "suspend_individual": null,
                "transmission_mode": null,
                "trunk_logging": null,
                "trunk_vlans": null,
                "usage": null,
                "user_configured_flags": null,
                "vrf_dn": null
              },
              "po22": {
                "access_vlan": null,
                "admin_state": "up",
                "auto_negotiation": null,
                "bandwidth": null,
                "delay": null,
                "description": "### TWE AGG01 to SAT 02 ###",
                "dot1q_ether_type": null,
                "duplex": null,
                "equalization_delay": null,
                "graceful_convergence": null,
                "hash_distribution": null,
                "inherit_bandwidth": null,
                "itu_channel": null,
                "lacp_delay_mode": null,
                "lacp_vpc_convergence": null,
                "layer": "Layer3",
                "link_debounce_down": null,
                "link_logging": null,
                "load_defer": null,
                "maximum_links": null,
                "mdix": null,
                "medium": null,
                "members": {
                  "sys/intf/phys-[eth1/2]": {
                    "force": true
                  }
                },
                "minimum_links": 1,
                "mode": null,
                "mtu": 9216,
                "native_vlan": null,
                "optics_loopback": null,
                "port_channel_mode": "active",
                "port_type": null,
                "pxe_transition_timeout": null,
                "router_mac": null,
                "snmp_trap_state": null,
                "span_mode": null,
                "speed": null,
                "squelch": null,
                "suspend_individual": null,
                "transmission_mode": null,
                "trunk_logging": null,
                "trunk_vlans": null,
                "usage": null,
                "user_configured_flags": null,
                "vrf_dn": null
              },
              "po4": {
                "access_vlan": null,
                "admin_state": "up",
                "auto_negotiation": null,
                "bandwidth": null,
                "delay": null,
                "description": "### VPC Keepalive ###",
                "dot1q_ether_type": null,
                "duplex": null,
                "equalization_delay": null,
                "graceful_convergence": null,
                "hash_distribution": null,
                "inherit_bandwidth": null,
                "itu_channel": null,
                "lacp_delay_mode": null,
                "lacp_vpc_convergence": null,
                "layer": "Layer3",
                "link_debounce_down": null,
                "link_logging": null,
                "load_defer": null,
                "maximum_links": null,
                "mdix": null,
                "medium": null,
                "members": {
                  "sys/intf/phys-[eth1/6]": {
                    "force": true
                  }
                },
                "minimum_links": 1,
                "mode": null,
                "mtu": 9216,
                "native_vlan": null,
                "optics_loopback": null,
                "port_channel_mode": "active",
                "port_type": null,
                "pxe_transition_timeout": null,
                "router_mac": null,
                "snmp_trap_state": null,
                "span_mode": null,
                "speed": null,
                "squelch": null,
                "suspend_individual": null,
                "transmission_mode": null,
                "trunk_logging": null,
                "trunk_vlans": null,
                "usage": null,
                "user_configured_flags": null,
                "vrf_dn": "sys/inst-vpc"
              }
            }
          },
          "sensitive_attributes": [],
          "private": "eyJpbXBvcnRpbmciOiJNQT09In0="
        }
      ]
    },
    {
      "module": "module.config-interfaces",
      "mode": "managed",
      "type": "nxos_subinterface",
      "name": "subint-sag01",
      "provider": "module.config-interfaces.provider[\"registry.terraform.io/ciscodevnet/nxos\"].twe-agg01",
      "instances": [
        {
          "schema_version": 0,
          "attributes": {
            "device": null,
            "id": "sys/intf",
            "subinterfaces": {
              "po11.3010": {
                "admin_state": "up",
                "bandwidth": null,
                "delay": null,
                "description": "### XX-01 AGG to AGG iBGP ###",
                "encap": "vlan-3010",
                "link_logging": null,
                "medium": null,
                "mtu": 9216,
                "mtu_inherit": null,
                "router_mac": null,
                "router_mac_ipv6_extract": null,
                "snmp_trap": null,
                "vrf_dn": "sys/inst-xx01-xx-core"
              },
              "po12.3010": {
                "admin_state": "up",
                "bandwidth": null,
                "delay": null,
                "description": "### XX-01 AGG to AGG iBGP ###",
                "encap": "vlan-3010",
                "link_logging": null,
                "medium": null,
                "mtu": 9216,
                "mtu_inherit": null,
                "router_mac": null,
                "router_mac_ipv6_extract": null,
                "snmp_trap": null,
                "vrf_dn": "sys/inst-xx01-xx-core"
              },
              "po2.3010": {
                "admin_state": "up",
                "bandwidth": null,
                "delay": null,
                "description": "### XX-01 AGG to AGG iBGP ###",
                "encap": "vlan-3010",
                "link_logging": null,
                "medium": null,
                "mtu": 9216,
                "mtu_inherit": null,
                "router_mac": null,
                "router_mac_ipv6_extract": null,
                "snmp_trap": null,
                "vrf_dn": "sys/inst-xx01-xx-core"
              }
            }
          },
          "sensitive_attributes": [],
          "private": "eyJpbXBvcnRpbmciOiJNQT09In0="
        }
      ]
    },
    {
      "module": "module.config-interfaces",
      "mode": "managed",
      "type": "nxos_subinterface",
      "name": "subint-sag02",
      "provider": "module.config-interfaces.provider[\"registry.terraform.io/ciscodevnet/nxos\"].twe-agg02",
      "instances": [
        {
          "schema_version": 0,
          "attributes": {
            "device": null,
            "id": "sys/intf",
            "subinterfaces": {
              "po2.3010": {
                "admin_state": "up",
                "bandwidth": null,
                "delay": null,
                "description": "### XX-01 AGG to AGG iBGP ###",
                "encap": "vlan-3010",
                "link_logging": null,
                "medium": null,
                "mtu": 9216,
                "mtu_inherit": null,
                "router_mac": null,
                "router_mac_ipv6_extract": null,
                "snmp_trap": null,
                "vrf_dn": "sys/inst-xx01-xx-core"
              },
              "po21.3010": {
                "admin_state": "up",
                "bandwidth": null,
                "delay": null,
                "description": "### XX-01 AGG to AGG iBGP ###",
                "encap": "vlan-3010",
                "link_logging": null,
                "medium": null,
                "mtu": 9216,
                "mtu_inherit": null,
                "router_mac": null,
                "router_mac_ipv6_extract": null,
                "snmp_trap": null,
                "vrf_dn": "sys/inst-xx01-xx-core"
              },
              "po22.3010": {
                "admin_state": "up",
                "bandwidth": null,
                "delay": null,
                "description": "### XX-01 AGG to AGG iBGP ###",
                "encap": "vlan-3010",
                "link_logging": null,
                "medium": null,
                "mtu": 9216,
                "mtu_inherit": null,
                "router_mac": null,
                "router_mac_ipv6_extract": null,
                "snmp_trap": null,
                "vrf_dn": "sys/inst-xx01-xx-core"
              }
            }
          },
          "sensitive_attributes": [],
          "private": "eyJpbXBvcnRpbmciOiJNQT09In0="
        }
      ]
    },
    {
      "module": "module.config-ipv4-addresses",
      "mode": "managed",
      "type": "nxos_ipv4",
      "name": "agg01",
      "provider": "module.config-ipv4-addresses.provider[\"registry.terraform.io/ciscodevnet/nxos\"].twe-agg01",
      "instances": [
        {
          "schema_version": 0,
          "attributes": {
            "access_list_match_local": null,
            "admin_state": null,
            "control": null,
            "device": null,
            "hardware_ecmp_hash_offset_concatenation": null,
            "hardware_ecmp_hash_offset_value": null,
            "hardware_ecmp_hash_polynomial": null,
            "id": "sys/ipv4",
            "instance_admin_state": null,
            "logging_level": null,
            "redirect_syslog": null,
            "redirect_syslog_interval": null,
            "source_route": null,
            "vrfs": {
              "vpc": {
                "auto_discard": null,
                "icmp_errors_source_interface": null,
                "interfaces": {
                  "po4": {
                    "addresses": {
                      "1.1.1.1/30": {
                        "control": null,
                        "preference": null,
                        "tag": null,
                        "type": null,
                        "use_bia": null,
                        "vpc_peer": null
                      }
                    },
                    "directed_broadcast": null,
                    "directed_broadcast_acl": null,
                    "drop_glean": null,
                    "forward": null,
                    "unnumbered": null,
                    "urpf": null
                  }
                },
                "static_routes": null
              },
              "xx01-xx-core": {
                "auto_discard": null,
                "icmp_errors_source_interface": null,
                "interfaces": {
                  "lo101": {
                    "addresses": {
                      "10.66.127.3/32": {
                        "control": null,
                        "preference": null,
                        "tag": null,
                        "type": null,
                        "use_bia": null,
                        "vpc_peer": null
                      }
                    },
                    "directed_broadcast": null,
                    "directed_broadcast_acl": null,
                    "drop_glean": null,
                    "forward": null,
                    "unnumbered": null,
                    "urpf": null
                  },
                  "po11.3010": {
                    "addresses": {
                      "10.66.125.12/31": {
                        "control": null,
                        "preference": null,
                        "tag": null,
                        "type": null,
                        "use_bia": null,
                        "vpc_peer": null
                      }
                    },
                    "directed_broadcast": null,
                    "directed_broadcast_acl": null,
                    "drop_glean": null,
                    "forward": null,
                    "unnumbered": null,
                    "urpf": null
                  },
                  "po12.3010": {
                    "addresses": {
                      "10.66.125.14/31": {
                        "control": null,
                        "preference": null,
                        "tag": null,
                        "type": null,
                        "use_bia": null,
                        "vpc_peer": null
                      }
                    },
                    "directed_broadcast": null,
                    "directed_broadcast_acl": null,
                    "drop_glean": null,
                    "forward": null,
                    "unnumbered": null,
                    "urpf": null
                  },
                  "po2.3010": {
                    "addresses": {
                      "10.66.125.10/31": {
                        "control": null,
                        "preference": null,
                        "tag": null,
                        "type": null,
                        "use_bia": null,
                        "vpc_peer": null
                      }
                    },
                    "directed_broadcast": null,
                    "directed_broadcast_acl": null,
                    "drop_glean": null,
                    "forward": null,
                    "unnumbered": null,
                    "urpf": null
                  }
                },
                "static_routes": {
                  "10.66.127.4/32": {
                    "control": null,
                    "description": "SR_TO_agg02_LOOPBACK",
                    "next_hops": {
                      "po2.3010;10.66.125.11;xx01-xx-core": {
                        "description": null,
                        "name": null,
                        "object": null,
                        "preference": null,
                        "rewrite_encapsulation": null,
                        "tag": null
                      }
                    },
                    "preference": null,
                    "tag": null
                  }
                }
              }
            }
          },
          "sensitive_attributes": [],
          "private": "eyJpbXBvcnRpbmciOiJNQT09In0="
        }
      ]
    },
    {
      "module": "module.config-ipv4-addresses",
      "mode": "managed",
      "type": "nxos_ipv4",
      "name": "agg02",
      "provider": "module.config-ipv4-addresses.provider[\"registry.terraform.io/ciscodevnet/nxos\"].twe-agg02",
      "instances": [
        {
          "schema_version": 0,
          "attributes": {
            "access_list_match_local": null,
            "admin_state": null,
            "control": null,
            "device": null,
            "hardware_ecmp_hash_offset_concatenation": null,
            "hardware_ecmp_hash_offset_value": null,
            "hardware_ecmp_hash_polynomial": null,
            "id": "sys/ipv4",
            "instance_admin_state": null,
            "logging_level": null,
            "redirect_syslog": null,
            "redirect_syslog_interval": null,
            "source_route": null,
            "vrfs": {
              "vpc": {
                "auto_discard": null,
                "icmp_errors_source_interface": null,
                "interfaces": {
                  "po4": {
                    "addresses": {
                      "1.1.1.2/30": {
                        "control": null,
                        "preference": null,
                        "tag": null,
                        "type": null,
                        "use_bia": null,
                        "vpc_peer": null
                      }
                    },
                    "directed_broadcast": null,
                    "directed_broadcast_acl": null,
                    "drop_glean": null,
                    "forward": null,
                    "unnumbered": null,
                    "urpf": null
                  }
                },
                "static_routes": null
              },
              "xx01-xx-core": {
                "auto_discard": null,
                "icmp_errors_source_interface": null,
                "interfaces": {
                  "lo101": {
                    "addresses": {
                      "10.66.127.4/32": {
                        "control": null,
                        "preference": null,
                        "tag": null,
                        "type": null,
                        "use_bia": null,
                        "vpc_peer": null
                      }
                    },
                    "directed_broadcast": null,
                    "directed_broadcast_acl": null,
                    "drop_glean": null,
                    "forward": null,
                    "unnumbered": null,
                    "urpf": null
                  },
                  "po2.3010": {
                    "addresses": {
                      "10.66.125.11/31": {
                        "control": null,
                        "preference": null,
                        "tag": null,
                        "type": null,
                        "use_bia": null,
                        "vpc_peer": null
                      }
                    },
                    "directed_broadcast": null,
                    "directed_broadcast_acl": null,
                    "drop_glean": null,
                    "forward": null,
                    "unnumbered": null,
                    "urpf": null
                  },
                  "po21.3010": {
                    "addresses": {
                      "10.66.125.16/31": {
                        "control": null,
                        "preference": null,
                        "tag": null,
                        "type": null,
                        "use_bia": null,
                        "vpc_peer": null
                      }
                    },
                    "directed_broadcast": null,
                    "directed_broadcast_acl": null,
                    "drop_glean": null,
                    "forward": null,
                    "unnumbered": null,
                    "urpf": null
                  },
                  "po22.3010": {
                    "addresses": {
                      "10.66.125.18/31": {
                        "control": null,
                        "preference": null,
                        "tag": null,
                        "type": null,
                        "use_bia": null,
                        "vpc_peer": null
                      }
                    },
                    "directed_broadcast": null,
                    "directed_broadcast_acl": null,
                    "drop_glean": null,
                    "forward": null,
                    "unnumbered": null,
                    "urpf": null
                  }
                },
                "static_routes": {
                  "10.66.127.3/32": {
                    "control": null,
                    "description": "SR_TO_agg01_LOOPBACK",
                    "next_hops": {
                      "po2.3010;10.66.125.10;xx01-xx-core": {
                        "description": null,
                        "name": null,
                        "object": null,
                        "preference": null,
                        "rewrite_encapsulation": null,
                        "tag": null
                      }
                    },
                    "preference": null,
                    "tag": null
                  }
                }
              }
            }
          },
          "sensitive_attributes": [],
          "private": "eyJpbXBvcnRpbmciOiJNQT09In0="
        }
      ]
    },
    {
      "module": "module.config-system",
      "mode": "managed",
      "type": "nxos_feature",
      "name": "dynamic_features",
      "provider": "module.config-system.provider[\"registry.terraform.io/ciscodevnet/nxos\"]",
      "instances": [
        {
          "index_key": "twe-agg01",
          "schema_version": 0,
          "attributes": {
            "bash_shell": null,
            "bfd": "enabled",
            "bgp": "enabled",
            "device": "twe-agg01",
            "dhcp": null,
            "evpn": null,
            "hmm": null,
            "hsrp": "disabled",
            "id": "sys/fm",
            "interface_vlan": "enabled",
            "isis": null,
            "lacp": "enabled",
            "lldp": "disabled",
            "macsec": "disabled",
            "netflow": null,
            "ngmvpn": null,
            "ngoam": null,
            "nv_overlay": null,
            "ospf": null,
            "ospfv3": null,
            "pim": null,
            "ptp": null,
            "pvlan": null,
            "sflow": null,
            "ssh": null,
            "tacacs": "disabled",
            "telnet": null,
            "udld": null,
            "vn_segment": null,
            "vpc": "enabled"
          },
          "sensitive_attributes": [],
          "private": "eyJpbXBvcnRpbmciOiJNQT09In0="
        },
        {
          "index_key": "twe-agg02",
          "schema_version": 0,
          "attributes": {
            "bash_shell": null,
            "bfd": "enabled",
            "bgp": "enabled",
            "device": "twe-agg02",
            "dhcp": null,
            "evpn": null,
            "hmm": null,
            "hsrp": "disabled",
            "id": "sys/fm",
            "interface_vlan": "enabled",
            "isis": null,
            "lacp": "enabled",
            "lldp": "disabled",
            "macsec": "disabled",
            "netflow": null,
            "ngmvpn": null,
            "ngoam": null,
            "nv_overlay": null,
            "ospf": null,
            "ospfv3": null,
            "pim": null,
            "ptp": null,
            "pvlan": null,
            "sflow": null,
            "ssh": null,
            "tacacs": "disabled",
            "telnet": null,
            "udld": null,
            "vn_segment": null,
            "vpc": "enabled"
          },
          "sensitive_attributes": [],
          "private": "eyJpbXBvcnRpbmciOiJNQT09In0="
        }
      ]
    },
    {
      "module": "module.config-system",
      "mode": "managed",
      "type": "nxos_ntp",
      "name": "example",
      "provider": "module.config-system.provider[\"registry.terraform.io/ciscodevnet/nxos\"]",
      "instances": [
        {
          "index_key": "twe-agg01.1.2.3.4",
          "schema_version": 0,
          "attributes": {
            "admin_state": null,
            "allow_control": null,
            "allow_private": null,
            "authentication_state": null,
            "device": "twe-agg01",
            "id": "sys/time",
            "logging": null,
            "logging_level": null,
            "master": null,
            "master_stratum": null,
            "passive": null,
            "rate_limit": null,
            "servers": {
              "1.2.3.4": {
                "key_id": null,
                "max_poll": null,
                "min_poll": null,
                "preferred": null,
                "type": "server",
                "vrf": "management"
              }
            }
          },
          "sensitive_attributes": [],
          "private": "eyJpbXBvcnRpbmciOiJNQT09In0="
        },
        {
          "index_key": "twe-agg01.4.3.2.1",
          "schema_version": 0,
          "attributes": {
            "admin_state": null,
            "allow_control": null,
            "allow_private": null,
            "authentication_state": null,
            "device": "twe-agg01",
            "id": "sys/time",
            "logging": null,
            "logging_level": null,
            "master": null,
            "master_stratum": null,
            "passive": null,
            "rate_limit": null,
            "servers": {
              "4.3.2.1": {
                "key_id": null,
                "max_poll": null,
                "min_poll": null,
                "preferred": null,
                "type": "server",
                "vrf": "management"
              }
            }
          },
          "sensitive_attributes": [],
          "private": "eyJpbXBvcnRpbmciOiJNQT09In0="
        },
        {
          "index_key": "twe-agg02.1.2.3.4",
          "schema_version": 0,
          "attributes": {
            "admin_state": null,
            "allow_control": null,
            "allow_private": null,
            "authentication_state": null,
            "device": "twe-agg02",
            "id": "sys/time",
            "logging": null,
            "logging_level": null,
            "master": null,
            "master_stratum": null,
            "passive": null,
            "rate_limit": null,
            "servers": {
              "1.2.3.4": {
                "key_id": null,
                "max_poll": null,
                "min_poll": null,
                "preferred": null,
                "type": "server",
                "vrf": "management"
              }
            }
          },
          "sensitive_attributes": [],
          "private": "eyJpbXBvcnRpbmciOiJNQT09In0="
        },
        {
          "index_key": "twe-agg02.4.3.2.1",
          "schema_version": 0,
          "attributes": {
            "admin_state": null,
            "allow_control": null,
            "allow_private": null,
            "authentication_state": null,
            "device": "twe-agg02",
            "id": "sys/time",
            "logging": null,
            "logging_level": null,
            "master": null,
            "master_stratum": null,
            "passive": null,
            "rate_limit": null,
            "servers": {
              "4.3.2.1": {
                "key_id": null,
                "max_poll": null,
                "min_poll": null,
                "preferred": null,
                "type": "server",
                "vrf": "management"
              }
            }
          },
          "sensitive_attributes": [],
          "private": "eyJpbXBvcnRpbmciOiJNQT09In0="
        }
      ]
    }
  ],
  "check_results": null
}
